<?xml version="1.0" encoding="UTF-8" standalone="yes" ?>
<CodeBlocks_project_file>
	<FileVersion major="1" minor="6" />
	<Project>
		<Option title="clocks" />
		<Option pch_mode="2" />
		<Option default_target="Linux Debug" />
		<Option compiler="gcc" />
		<Build>
			<Target title="Debug">
				<Option output="bin/Debug/clocks" prefix_auto="1" extension_auto="1" />
				<Option object_output="obj/Debug/" />
				<Option type="0" />
				<Option compiler="gcc" />
				<Option projectLinkerOptionsRelation="2" />
				<Compiler>
					<Add option="-g" />
					<Add option="-pipe" />
					<Add option="-mthreads" />
					<Add option="-D__WXDEBUG__" />
					<Add option="-D__GNUWIN32__" />
					<Add option="-D__WXMSW__" />
					<Add directory="$(#wx)/lib/gcc_dll/mswud" />
				</Compiler>
				<ResourceCompiler>
					<Add directory="$(#wx)/lib/gcc_dll/mswud" />
				</ResourceCompiler>
				<Linker>
					<Add option="-mthreads" />
					<Add library="wxmsw30ud_gcc_custom" />
					<Add directory="$(#wx)/lib/gcc_dll" />
				</Linker>
			</Target>
			<Target title="Release">
				<Option output="bin/Release/clocks" prefix_auto="1" extension_auto="1" />
				<Option object_output="obj/Release/" />
				<Option type="0" />
				<Option compiler="gcc" />
				<Option projectLinkerOptionsRelation="2" />
				<Compiler>
					<Add option="-O2" />
					<Add option="-pipe" />
					<Add option="-mthreads" />
					<Add option="-D__GNUWIN32__" />
					<Add option="-D__WXMSW__" />
					<Add option="-DNDEBUG" />
					<Add directory="$(#wx)/lib/gcc_dll/mswu" />
				</Compiler>
				<ResourceCompiler>
					<Add directory="$(#wx)/lib/gcc_dll/mswu" />
				</ResourceCompiler>
				<Linker>
					<Add option="-s" />
					<Add option="-mthreads" />
					<Add library="wxmsw30u_gcc_custom" />
					<Add directory="$(#wx)/lib/gcc_dll" />
				</Linker>
			</Target>
			<Target title="Linux Release">
				<Option platforms="Unix;" />
				<Option output="bin/Release/clocks" prefix_auto="1" extension_auto="1" />
				<Option object_output="obj/Release/" />
				<Option type="0" />
				<Option compiler="gcc" />
				<Option parameters="/home/matt/StudioClocks" />
				<Option projectLinkerOptionsRelation="2" />
				<Compiler>
					<Add option="-O2" />
					<Add option="`wx-config --cxxflags`" />
					<Add option="-fpermissive" />
					<Add option="-pthread" />
					<Add option="-DwxUSE_UNICODE" />
					<Add option="-D__WXGNU__" />
					<Add option="-DwxDEBUG_LEVEL=0" />
					<Add option="-DNDEBUG" />
					<Add directory="$(#wx)/lib/gcc_dll/mswu" />
				</Compiler>
				<ResourceCompiler>
					<Add directory="$(#wx)/lib/gcc_dll/mswu" />
				</ResourceCompiler>
				<Linker>
					<Add option="-s" />
					<Add option="`wx-config --libs`" />
					<Add directory="$(#wx)/lib/gcc_dll" />
				</Linker>
			</Target>
			<Target title="Linux Debug">
				<Option platforms="Unix;" />
				<Option output="bin/Debug/clocks" prefix_auto="1" extension_auto="1" />
				<Option object_output="obj/Release/" />
				<Option type="0" />
				<Option compiler="gcc" />
				<Option projectLinkerOptionsRelation="2" />
				<Compiler>
					<Add option="-g" />
					<Add option="`wx-config --cxxflags`" />
					<Add option="-fpermissive" />
					<Add option="-pthread" />
					<Add option="-DwxUSE_UNICODE" />
					<Add option="-D__WXGNU__" />
					<Add option="-DwxDEBUG_LEVEL=0" />
					<Add option="-DNDEBUG" />
					<Add directory="$(#wx)/lib/gcc_dll/mswu" />
				</Compiler>
				<ResourceCompiler>
					<Add directory="$(#wx)/lib/gcc_dll/mswu" />
				</ResourceCompiler>
				<Linker>
					<Add option="`wx-config --libs`" />
					<Add directory="$(#wx)/lib/gcc_dll" />
				</Linker>
			</Target>
		</Build>
		<Compiler>
			<Add option="-Wall" />
			<Add option="-std=c++14" />
			<Add option="-DWXUSINGDLL" />
			<Add option="-DwxUSE_UNICODE" />
			<Add directory="$(#wx)/include" />
		</Compiler>
		<ResourceCompiler>
			<Add directory="$(#wx)/include" />
		</ResourceCompiler>
		<Unit filename="clock.cpp" />
		<Unit filename="clock.h" />
		<Unit filename="clocksApp.cpp" />
		<Unit filename="clocksApp.h" />
		<Unit filename="clocksMain.cpp" />
		<Unit filename="clocksMain.h" />
		<Unit filename="resource.rc">
			<Option compilerVar="WINDRES" />
		</Unit>
		<Unit filename="wxsmith/clocksframe.wxs" />
		<Extensions>
			<wxsmith version="1">
				<gui name="wxWidgets" src="clocksApp.cpp" main="clocksFrame" init_handlers="necessary" language="CPP" />
				<resources>
					<wxFrame wxs="wxsmith/clocksframe.wxs" src="clocksMain.cpp" hdr="clocksMain.h" fwddecl="0" i18n="1" name="clocksFrame" language="CPP" />
				</resources>
			</wxsmith>
		</Extensions>
	</Project>
</CodeBlocks_project_file>
